
Microsoft Visual Studio Solution File, Format Version 12.00
# Visual Studio 15
VisualStudioVersion = 15.0.28307.1022
MinimumVisualStudioVersion = 10.0.40219.1
Project("{FAE04EC0-301F-11D3-BF4B-00C04F79EFBC}") = "DAN_XL_Dejan_Prodanovic", "DAN_XL_Dejan_Prodanovic\DAN_XL_Dejan_Prodanovic.csproj", "{66D3A1E0-B056-4649-9545-ED6037D6F0DD}"
EndProject
Global
	GlobalSection(SolutionConfigurationPlatforms) = preSolution
		Debug|Any CPU = Debug|Any CPU
		Release|Any CPU = Release|Any CPU
	EndGlobalSection
	GlobalSection(ProjectConfigurationPlatforms) = postSolution
		{66D3A1E0-B056-4649-9545-ED6037D6F0DD}.Debug|Any CPU.ActiveCfg = Debug|Any CPU
		{66D3A1E0-B056-4649-9545-ED6037D6F0DD}.Debug|Any CPU.Build.0 = Debug|Any CPU
		{66D3A1E0-B056-4649-9545-ED6037D6F0DD}.Release|Any CPU.ActiveCfg = Release|Any CPU
		{66D3A1E0-B056-4649-9545-ED6037D6F0DD}.Release|Any CPU.Build.0 = Release|Any CPU
	EndGlobalSection
	GlobalSection(SolutionProperties) = preSolution
		HideSolutionNode = FALSE
	EndGlobalSection
	GlobalSection(ExtensibilityGlobals) = postSolution
		SolutionGuid = {5516B4DF-6798-484E-9024-BA95979B78D6}
	EndGlobalSection
EndGlobal
